
Microsoft Visual Studio Solution File, Format Version 12.00
# Visual Studio Version 17
VisualStudioVersion = 17.7.34009.444
MinimumVisualStudioVersion = 10.0.40219.1
Project("{9A19103F-16F7-4668-BE54-9A1E7A4F7556}") = "CalculatorByBalint", "CalculatorByBalint\CalculatorByBalint.csproj", "{08D0C28A-4634-453D-ADDA-FF202C861869}"
EndProject
Project("{54435603-DBB4-11D2-8724-00A0C9A8B90C}") = "SzamologepByBalintSetup", "SzamologepByBalintSetup\SzamologepByBalintSetup.vdproj", "{C333920C-B5E5-4205-AA0C-0D76181DDE0B}"
EndProject
Global
	GlobalSection(SolutionConfigurationPlatforms) = preSolution
		Debug|Any CPU = Debug|Any CPU
		Release|Any CPU = Release|Any CPU
	EndGlobalSection
	GlobalSection(ProjectConfigurationPlatforms) = postSolution
		{08D0C28A-4634-453D-ADDA-FF202C861869}.Debug|Any CPU.ActiveCfg = Debug|Any CPU
		{08D0C28A-4634-453D-ADDA-FF202C861869}.Debug|Any CPU.Build.0 = Debug|Any CPU
		{08D0C28A-4634-453D-ADDA-FF202C861869}.Release|Any CPU.ActiveCfg = Release|Any CPU
		{08D0C28A-4634-453D-ADDA-FF202C861869}.Release|Any CPU.Build.0 = Release|Any CPU
		{C333920C-B5E5-4205-AA0C-0D76181DDE0B}.Debug|Any CPU.ActiveCfg = Debug
		{C333920C-B5E5-4205-AA0C-0D76181DDE0B}.Release|Any CPU.ActiveCfg = Release
	EndGlobalSection
	GlobalSection(SolutionProperties) = preSolution
		HideSolutionNode = FALSE
	EndGlobalSection
	GlobalSection(ExtensibilityGlobals) = postSolution
		SolutionGuid = {FDDD4126-4F53-430A-A755-DB6552D5AB23}
	EndGlobalSection
EndGlobal
